
Microsoft Visual Studio Solution File, Format Version 12.00
# Visual Studio Version 16
VisualStudioVersion = 16.0.32228.343
MinimumVisualStudioVersion = 10.0.40219.1
Project("{888888A0-9F3D-457C-B088-3A5042F75D52}") = "Barcode_reading", "Barcode_reading\Barcode_reading.pyproj", "{65C9B774-889E-4B4A-AB25-CDF2F5918171}"
EndProject
Global
	GlobalSection(SolutionConfigurationPlatforms) = preSolution
		Debug|Any CPU = Debug|Any CPU
		Release|Any CPU = Release|Any CPU
	EndGlobalSection
	GlobalSection(ProjectConfigurationPlatforms) = postSolution
		{65C9B774-889E-4B4A-AB25-CDF2F5918171}.Debug|Any CPU.ActiveCfg = Debug|Any CPU
		{65C9B774-889E-4B4A-AB25-CDF2F5918171}.Release|Any CPU.ActiveCfg = Release|Any CPU
	EndGlobalSection
	GlobalSection(SolutionProperties) = preSolution
		HideSolutionNode = FALSE
	EndGlobalSection
	GlobalSection(ExtensibilityGlobals) = postSolution
		SolutionGuid = {363DE62E-E2EF-473E-9291-6461556DEC20}
	EndGlobalSection
EndGlobal
